// !$*UTF8*$!
{
	archiveVersion = 1;
	classes = {
	};
	objectVersion = 50;
	objects = {

/* Begin PBXBuildFile section */
		1678942321F4BF7D002703FD /* AppDelegate.swift in Sources */ = {isa = PBXBuildFile; fileRef = 1678942221F4BF7D002703FD /* AppDelegate.swift */; };
		1678942521F4BF7D002703FD /* ViewController.swift in Sources */ = {isa = PBXBuildFile; fileRef = 1678942421F4BF7D002703FD /* ViewController.swift */; };
		1678942821F4BF7D002703FD /* Main.storyboard in Resources */ = {isa = PBXBuildFile; fileRef = 1678942621F4BF7D002703FD /* Main.storyboard */; };
		1678942A21F4BF7F002703FD /* Assets.xcassets in Resources */ = {isa = PBXBuildFile; fileRef = 1678942921F4BF7F002703FD /* Assets.xcassets */; };
		1678942D21F4BF7F002703FD /* LaunchScreen.storyboard in Resources */ = {isa = PBXBuildFile; fileRef = 1678942B21F4BF7F002703FD /* LaunchScreen.storyboard */; };
		1678943821F4BF7F002703FD /* ReSwiftDemoTests.swift in Sources */ = {isa = PBXBuildFile; fileRef = 1678943721F4BF7F002703FD /* ReSwiftDemoTests.swift */; };
/* End PBXBuildFile section */

/* Begin PBXContainerItemProxy section */
		1678943421F4BF7F002703FD /* PBXContainerItemProxy */ = {
			isa = PBXContainerItemProxy;
			containerPortal = 1678941721F4BF7D002703FD /* Project object */;
			proxyType = 1;
			remoteGlobalIDString = 1678941E21F4BF7D002703FD;
			remoteInfo = ReSwiftDemo;
		};
/* End PBXContainerItemProxy section */

/* Begin PBXFileReference section */
		1678941F21F4BF7D002703FD /* ReSwiftDemo.app */ = {isa = PBXFileReference; explicitFileType = wrapper.application; includeInIndex = 0; path = ReSwiftDemo.app; sourceTree = BUILT_PRODUCTS_DIR; };
		1678942221F4BF7D002703FD /* AppDelegate.swift */ = {isa = PBXFileReference; lastKnownFileType = sourcecode.swift; path = AppDelegate.swift; sourceTree = "<group>"; };
		1678942421F4BF7D002703FD /* ViewController.swift */ = {isa = PBXFileReference; lastKnownFileType = sourcecode.swift; path = ViewController.swift; sourceTree = "<group>"; };
		1678942721F4BF7D002703FD /* Base */ = {isa = PBXFileReference; lastKnownFileType = file.storyboard; name = Base; path = Base.lproj/Main.storyboard; sourceTree = "<group>"; };
		1678942921F4BF7F002703FD /* Assets.xcassets */ = {isa = PBXFileReference; lastKnownFileType = folder.assetcatalog; path = Assets.xcassets; sourceTree = "<group>"; };
		1678942C21F4BF7F002703FD /* Base */ = {isa = PBXFileReference; lastKnownFileType = file.storyboard; name = Base; path = Base.lproj/LaunchScreen.storyboard; sourceTree = "<group>"; };
		1678942E21F4BF7F002703FD /* Info.plist */ = {isa = PBXFileReference; lastKnownFileType = text.plist.xml; path = Info.plist; sourceTree = "<group>"; };
		1678943321F4BF7F002703FD /* ReSwiftDemoTests.xctest */ = {isa = PBXFileReference; explicitFileType = wrapper.cfbundle; includeInIndex = 0; path = ReSwiftDemoTests.xctest; sourceTree = BUILT_PRODUCTS_DIR; };
		1678943721F4BF7F002703FD /* ReSwiftDemoTests.swift */ = {isa = PBXFileReference; lastKnownFileType = sourcecode.swift; path = ReSwiftDemoTests.swift; sourceTree = "<group>"; };
		1678943921F4BF7F002703FD /* Info.plist */ = {isa = PBXFileReference; lastKnownFileType = text.plist.xml; path = Info.plist; sourceTree = "<group>"; };
/* End PBXFileReference section */

/* Begin PBXFrameworksBuildPhase section */
		1678941C21F4BF7D002703FD /* Frameworks */ = {
			isa = PBXFrameworksBuildPhase;
			buildActionMask = 2147483647;
			files = (
			);
			runOnlyForDeploymentPostprocessing = 0;
		};
		1678943021F4BF7F002703FD /* Frameworks */ = {
			isa = PBXFrameworksBuildPhase;
			buildActionMask = 2147483647;
			files = (
			);
			runOnlyForDeploymentPostprocessing = 0;
		};
/* End PBXFrameworksBuildPhase section */

/* Begin PBXGroup section */
		1678941621F4BF7D002703FD = {
			isa = PBXGroup;
			children = (
				1678942121F4BF7D002703FD /* ReSwiftDemo */,
				1678943621F4BF7F002703FD /* ReSwiftDemoTests */,
				1678942021F4BF7D002703FD /* Products */,
			);
			sourceTree = "<group>";
		};
		1678942021F4BF7D002703FD /* Products */ = {
			isa = PBXGroup;
			children = (
				1678941F21F4BF7D002703FD /* ReSwiftDemo.app */,
				1678943321F4BF7F002703FD /* ReSwiftDemoTests.xctest */,
			);
			name = Products;
			sourceTree = "<group>";
		};
		1678942121F4BF7D002703FD /* ReSwiftDemo */ = {
			isa = PBXGroup;
			children = (
				1678942221F4BF7D002703FD /* AppDelegate.swift */,
				1678942421F4BF7D002703FD /* ViewController.swift */,
				1678942621F4BF7D002703FD /* Main.storyboard */,
				1678942921F4BF7F002703FD /* Assets.xcassets */,
				1678942B21F4BF7F002703FD /* LaunchScreen.storyboard */,
				1678942E21F4BF7F002703FD /* Info.plist */,
			);
			path = ReSwiftDemo;
			sourceTree = "<group>";
		};
		1678943621F4BF7F002703FD /* ReSwiftDemoTests */ = {
			isa = PBXGroup;
			children = (
				1678943721F4BF7F002703FD /* ReSwiftDemoTests.swift */,
				1678943921F4BF7F002703FD /* Info.plist */,
			);
			path = ReSwiftDemoTests;
			sourceTree = "<group>";
		};
/* End PBXGroup section */

/* Begin PBXNativeTarget section */
		1678941E21F4BF7D002703FD /* ReSwiftDemo */ = {
			isa = PBXNativeTarget;
			buildConfigurationList = 1678943C21F4BF7F002703FD /* Build configuration list for PBXNativeTarget "ReSwiftDemo" */;
			buildPhases = (
				1678941B21F4BF7D002703FD /* Sources */,
				1678941C21F4BF7D002703FD /* Frameworks */,
				1678941D21F4BF7D002703FD /* Resources */,
			);
			buildRules = (
			);
			dependencies = (
			);
			name = ReSwiftDemo;
			productName = ReSwiftDemo;
			productReference = 1678941F21F4BF7D002703FD /* ReSwiftDemo.app */;
			productType = "com.apple.product-type.application";
		};
		1678943221F4BF7F002703FD /* ReSwiftDemoTests */ = {
			isa = PBXNativeTarget;
			buildConfigurationList = 1678943F21F4BF7F002703FD /* Build configuration list for PBXNativeTarget "ReSwiftDemoTests" */;
			buildPhases = (
				1678942F21F4BF7F002703FD /* Sources */,
				1678943021F4BF7F002703FD /* Frameworks */,
				1678943121F4BF7F002703FD /* Resources */,
			);
			buildRules = (
			);
			dependencies = (
				1678943521F4BF7F002703FD /* PBXTargetDependency */,
			);
			name = ReSwiftDemoTests;
			productName = ReSwiftDemoTests;
			productReference = 1678943321F4BF7F002703FD /* ReSwiftDemoTests.xctest */;
			productType = "com.apple.product-type.bundle.unit-test";
		};
/* End PBXNativeTarget section */

/* Begin PBXProject section */
		1678941721F4BF7D002703FD /* Project object */ = {
			isa = PBXProject;
			attributes = {
				LastSwiftUpdateCheck = 1010;
				LastUpgradeCheck = 1010;
				ORGANIZATIONNAME = "Wojciech Kulik";
				TargetAttributes = {
					1678941E21F4BF7D002703FD = {
						CreatedOnToolsVersion = 10.1;
					};
					1678943221F4BF7F002703FD = {
						CreatedOnToolsVersion = 10.1;
						TestTargetID = 1678941E21F4BF7D002703FD;
					};
				};
			};
			buildConfigurationList = 1678941A21F4BF7D002703FD /* Build configuration list for PBXProject "ReSwiftDemo" */;
			compatibilityVersion = "Xcode 9.3";
			developmentRegion = en;
			hasScannedForEncodings = 0;
			knownRegions = (
				en,
				Base,
			);
			mainGroup = 1678941621F4BF7D002703FD;
			productRefGroup = 1678942021F4BF7D002703FD /* Products */;
			projectDirPath = "";
			projectRoot = "";
			targets = (
				1678941E21F4BF7D002703FD /* ReSwiftDemo */,
				1678943221F4BF7F002703FD /* ReSwiftDemoTests */,
			);
		};
/* End PBXProject section */

/* Begin PBXResourcesBuildPhase section */
		1678941D21F4BF7D002703FD /* Resources */ = {
			isa = PBXResourcesBuildPhase;
			buildActionMask = 2147483647;
			files = (
				1678942D21F4BF7F002703FD /* LaunchScreen.storyboard in Resources */,
				1678942A21F4BF7F002703FD /* Assets.xcassets in Resources */,
				1678942821F4BF7D002703FD /* Main.storyboard in Resources */,
			);
			runOnlyForDeploymentPostprocessing = 0;
		};
		1678943121F4BF7F002703FD /* Resources */ = {
			isa = PBXResourcesBuildPhase;
			buildActionMask = 2147483647;
			files = (
			);
			runOnlyForDeploymentPostprocessing = 0;
		};
/* End PBXResourcesBuildPhase section */

/* Begin PBXSourcesBuildPhase section */
		1678941B21F4BF7D002703FD /* Sources */ = {
			isa = PBXSourcesBuildPhase;
			buildActionMask = 2147483647;
			files = (
				1678942521F4BF7D002703FD /* ViewController.swift in Sources */,
				1678942321F4BF7D002703FD /* AppDelegate.swift in Sources */,
			);
			runOnlyForDeploymentPostprocessing = 0;
		};
		1678942F21F4BF7F002703FD /* Sources */ = {
			isa = PBXSourcesBuildPhase;
			buildActionMask = 2147483647;
			files = (
				1678943821F4BF7F002703FD /* ReSwiftDemoTests.swift in Sources */,
			);
			runOnlyForDeploymentPostprocessing = 0;
		};
/* End PBXSourcesBuildPhase section */

/* Begin PBXTargetDependency section */
		1678943521F4BF7F002703FD /* PBXTargetDependency */ = {
			isa = PBXTargetDependency;
			target = 1678941E21F4BF7D002703FD /* ReSwiftDemo */;
			targetProxy = 1678943421F4BF7F002703FD /* PBXContainerItemProxy */;
		};
/* End PBXTargetDependency section */

/* Begin PBXVariantGroup section */
		1678942621F4BF7D002703FD /* Main.storyboard */ = {
			isa = PBXVariantGroup;
			children = (
				1678942721F4BF7D002703FD /* Base */,
			);
			name = Main.storyboard;
			sourceTree = "<group>";
		};
		1678942B21F4BF7F002703FD /* LaunchScreen.storyboard */ = {
			isa = PBXVariantGroup;
			children = (
				1678942C21F4BF7F002703FD /* Base */,
			);
			name = LaunchScreen.storyboard;
			sourceTree = "<group>";
		};
/* End PBXVariantGroup section */

/* Begin XCBuildConfiguration section */
		1678943A21F4BF7F002703FD /* Debug */ = {
			isa = XCBuildConfiguration;
			buildSettings = {
				ALWAYS_SEARCH_USER_PATHS = NO;
				CLANG_ANALYZER_NONNULL = YES;
				CLANG_ANALYZER_NUMBER_OBJECT_CONVERSION = YES_AGGRESSIVE;
				CLANG_CXX_LANGUAGE_STANDARD = "gnu++14";
				CLANG_CXX_LIBRARY = "libc++";
				CLANG_ENABLE_MODULES = YES;
				CLANG_ENABLE_OBJC_ARC = YES;
				CLANG_ENABLE_OBJC_WEAK = YES;
				CLANG_WARN_BLOCK_CAPTURE_AUTORELEASING = YES;
				CLANG_WARN_BOOL_CONVERSION = YES;
				CLANG_WARN_COMMA = YES;
				CLANG_WARN_CONSTANT_CONVERSION = YES;
				CLANG_WARN_DEPRECATED_OBJC_IMPLEMENTATIONS = YES;
				CLANG_WARN_DIRECT_OBJC_ISA_USAGE = YES_ERROR;
				CLANG_WARN_DOCUMENTATION_COMMENTS = YES;
				CLANG_WARN_EMPTY_BODY = YES;
				CLANG_WARN_ENUM_CONVERSION = YES;
				CLANG_WARN_INFINITE_RECURSION = YES;
				CLANG_WARN_INT_CONVERSION = YES;
				CLANG_WARN_NON_LITERAL_NULL_CONVERSION = YES;
				CLANG_WARN_OBJC_IMPLICIT_RETAIN_SELF = YES;
				CLANG_WARN_OBJC_LITERAL_CONVERSION = YES;
				CLANG_WARN_OBJC_ROOT_CLASS = YES_ERROR;
				CLANG_WARN_RANGE_LOOP_ANALYSIS = YES;
				CLANG_WARN_STRICT_PROTOTYPES = YES;
				CLANG_WARN_SUSPICIOUS_MOVE = YES;
				CLANG_WARN_UNGUARDED_AVAILABILITY = YES_AGGRESSIVE;
				CLANG_WARN_UNREACHABLE_CODE = YES;
				CLANG_WARN__DUPLICATE_METHOD_MATCH = YES;
				CODE_SIGN_IDENTITY = "iPhone Developer";
				COPY_PHASE_STRIP = NO;
				DEBUG_INFORMATION_FORMAT = dwarf;
				ENABLE_STRICT_OBJC_MSGSEND = YES;
				ENABLE_TESTABILITY = YES;
				GCC_C_LANGUAGE_STANDARD = gnu11;
				GCC_DYNAMIC_NO_PIC = NO;
				GCC_NO_COMMON_BLOCKS = YES;
				GCC_OPTIMIZATION_LEVEL = 0;
				GCC_PREPROCESSOR_DEFINITIONS = (
					"DEBUG=1",
					"$(inherited)",
				);
				GCC_WARN_64_TO_32_BIT_CONVERSION = YES;
				GCC_WARN_ABOUT_RETURN_TYPE = YES_ERROR;
				GCC_WARN_UNDECLARED_SELECTOR = YES;
				GCC_WARN_UNINITIALIZED_AUTOS = YES_AGGRESSIVE;
				GCC_WARN_UNUSED_FUNCTION = YES;
				GCC_WARN_UNUSED_VARIABLE = YES;
				IPHONEOS_DEPLOYMENT_TARGET = 12.1;
				MTL_ENABLE_DEBUG_INFO = INCLUDE_SOURCE;
				MTL_FAST_MATH = YES;
				ONLY_ACTIVE_ARCH = YES;
				SDKROOT = iphoneos;
				SWIFT_ACTIVE_COMPILATION_CONDITIONS = DEBUG;
				SWIFT_OPTIMIZATION_LEVEL = "-Onone";
			};
			name = Debug;
		};
		1678943B21F4BF7F002703FD /* Release */ = {
			isa = XCBuildConfiguration;
			buildSettings = {
				ALWAYS_SEARCH_USER_PATHS = NO;
				CLANG_ANALYZER_NONNULL = YES;
				CLANG_ANALYZER_NUMBER_OBJECT_CONVERSION = YES_AGGRESSIVE;
				CLANG_CXX_LANGUAGE_STANDARD = "gnu++14";
				CLANG_CXX_LIBRARY = "libc++";
				CLANG_ENABLE_MODULES = YES;
				CLANG_ENABLE_OBJC_ARC = YES;
				CLANG_ENABLE_OBJC_WEAK = YES;
				CLANG_WARN_BLOCK_CAPTURE_AUTORELEASING = YES;
				CLANG_WARN_BOOL_CONVERSION = YES;
				CLANG_WARN_COMMA = YES;
				CLANG_WARN_CONSTANT_CONVERSION = YES;
				CLANG_WARN_DEPRECATED_OBJC_IMPLEMENTATIONS = YES;
				CLANG_WARN_DIRECT_OBJC_ISA_USAGE = YES_ERROR;
				CLANG_WARN_DOCUMENTATION_COMMENTS = YES;
				CLANG_WARN_EMPTY_BODY = YES;
				CLANG_WARN_ENUM_CONVERSION = YES;
				CLANG_WARN_INFINITE_RECURSION = YES;
				CLANG_WARN_INT_CONVERSION = YES;
				CLANG_WARN_NON_LITERAL_NULL_CONVERSION = YES;
				CLANG_WARN_OBJC_IMPLICIT_RETAIN_SELF = YES;
				CLANG_WARN_OBJC_LITERAL_CONVERSION = YES;
				CLANG_WARN_OBJC_ROOT_CLASS = YES_ERROR;
				CLANG_WARN_RANGE_LOOP_ANALYSIS = YES;
				CLANG_WARN_STRICT_PROTOTYPES = YES;
				CLANG_WARN_SUSPICIOUS_MOVE = YES;
				CLANG_WARN_UNGUARDED_AVAILABILITY = YES_AGGRESSIVE;
				CLANG_WARN_UNREACHABLE_CODE = YES;
				CLANG_WARN__DUPLICATE_METHOD_MATCH = YES;
				CODE_SIGN_IDENTITY = "iPhone Developer";
				COPY_PHASE_STRIP = NO;
				DEBUG_INFORMATION_FORMAT = "dwarf-with-dsym";
				ENABLE_NS_ASSERTIONS = NO;
				ENABLE_STRICT_OBJC_MSGSEND = YES;
				GCC_C_LANGUAGE_STANDARD = gnu11;
				GCC_NO_COMMON_BLOCKS = YES;
				GCC_WARN_64_TO_32_BIT_CONVERSION = YES;
				GCC_WARN_ABOUT_RETURN_TYPE = YES_ERROR;
				GCC_WARN_UNDECLARED_SELECTOR = YES;
				GCC_WARN_UNINITIALIZED_AUTOS = YES_AGGRESSIVE;
				GCC_WARN_UNUSED_FUNCTION = YES;
				GCC_WARN_UNUSED_VARIABLE = YES;
				IPHONEOS_DEPLOYMENT_TARGET = 12.1;
				MTL_ENABLE_DEBUG_INFO = NO;
				MTL_FAST_MATH = YES;
				SDKROOT = iphoneos;
				SWIFT_COMPILATION_MODE = wholemodule;
				SWIFT_OPTIMIZATION_LEVEL = "-O";
				VALIDATE_PRODUCT = YES;
			};
			name = Release;
		};
		1678943D21F4BF7F002703FD /* Debug */ = {
			isa = XCBuildConfiguration;
			buildSettings = {
				ASSETCATALOG_COMPILER_APPICON_NAME = AppIcon;
				CODE_SIGN_STYLE = Automatic;
				DEVELOPMENT_TEAM = JT56B63DU5;
				INFOPLIST_FILE = ReSwiftDemo/Info.plist;
				LD_RUNPATH_SEARCH_PATHS = (
					"$(inherited)",
					"@executable_path/Frameworks",
				);
				PRODUCT_BUNDLE_IDENTIFIER = pl.wojciechkulik.ReSwiftDemo;
				PRODUCT_NAME = "$(TARGET_NAME)";
				SWIFT_VERSION = 4.2;
				TARGETED_DEVICE_FAMILY = "1,2";
			};
			name = Debug;
		};
		1678943E21F4BF7F002703FD /* Release */ = {
			isa = XCBuildConfiguration;
			buildSettings = {
				ASSETCATALOG_COMPILER_APPICON_NAME = AppIcon;
				CODE_SIGN_STYLE = Automatic;
				DEVELOPMENT_TEAM = JT56B63DU5;
				INFOPLIST_FILE = ReSwiftDemo/Info.plist;
				LD_RUNPATH_SEARCH_PATHS = (
					"$(inherited)",
					"@executable_path/Frameworks",
				);
				PRODUCT_BUNDLE_IDENTIFIER = pl.wojciechkulik.ReSwiftDemo;
				PRODUCT_NAME = "$(TARGET_NAME)";
				SWIFT_VERSION = 4.2;
				TARGETED_DEVICE_FAMILY = "1,2";
			};
			name = Release;
		};
		1678944021F4BF7F002703FD /* Debug */ = {
			isa = XCBuildConfiguration;
			buildSettings = {
				ALWAYS_EMBED_SWIFT_STANDARD_LIBRARIES = YES;
				BUNDLE_LOADER = "$(TEST_HOST)";
				CODE_SIGN_STYLE = Automatic;
				DEVELOPMENT_TEAM = JT56B63DU5;
				INFOPLIST_FILE = ReSwiftDemoTests/Info.plist;
				LD_RUNPATH_SEARCH_PATHS = (
					"$(inherited)",
					"@executable_path/Frameworks",
					"@loader_path/Frameworks",
				);
				PRODUCT_BUNDLE_IDENTIFIER = pl.wojciechkulik.ReSwiftDemoTests;
				PRODUCT_NAME = "$(TARGET_NAME)";
				SWIFT_VERSION = 4.2;
				TARGETED_DEVICE_FAMILY = "1,2";
				TEST_HOST = "$(BUILT_PRODUCTS_DIR)/ReSwiftDemo.app/ReSwiftDemo";
			};
			name = Debug;
		};
		1678944121F4BF7F002703FD /* Release */ = {
			isa = XCBuildConfiguration;
			buildSettings = {
				ALWAYS_EMBED_SWIFT_STANDARD_LIBRARIES = YES;
				BUNDLE_LOADER = "$(TEST_HOST)";
				CODE_SIGN_STYLE = Automatic;
				DEVELOPMENT_TEAM = JT56B63DU5;
				INFOPLIST_FILE = ReSwiftDemoTests/Info.plist;
				LD_RUNPATH_SEARCH_PATHS = (
					"$(inherited)",
					"@executable_path/Frameworks",
					"@loader_path/Frameworks",
				);
				PRODUCT_BUNDLE_IDENTIFIER = pl.wojciechkulik.ReSwiftDemoTests;
				PRODUCT_NAME = "$(TARGET_NAME)";
				SWIFT_VERSION = 4.2;
				TARGETED_DEVICE_FAMILY = "1,2";
				TEST_HOST = "$(BUILT_PRODUCTS_DIR)/ReSwiftDemo.app/ReSwiftDemo";
			};
			name = Release;
		};
/* End XCBuildConfiguration section */

/* Begin XCConfigurationList section */
		1678941A21F4BF7D002703FD /* Build configuration list for PBXProject "ReSwiftDemo" */ = {
			isa = XCConfigurationList;
			buildConfigurations = (
				1678943A21F4BF7F002703FD /* Debug */,
				1678943B21F4BF7F002703FD /* Release */,
			);
			defaultConfigurationIsVisible = 0;
			defaultConfigurationName = Release;
		};
		1678943C21F4BF7F002703FD /* Build configuration list for PBXNativeTarget "ReSwiftDemo" */ = {
			isa = XCConfigurationList;
			buildConfigurations = (
				1678943D21F4BF7F002703FD /* Debug */,
				1678943E21F4BF7F002703FD /* Release */,
			);
			defaultConfigurationIsVisible = 0;
			defaultConfigurationName = Release;
		};
		1678943F21F4BF7F002703FD /* Build configuration list for PBXNativeTarget "ReSwiftDemoTests" */ = {
			isa = XCConfigurationList;
			buildConfigurations = (
				1678944021F4BF7F002703FD /* Debug */,
				1678944121F4BF7F002703FD /* Release */,
			);
			defaultConfigurationIsVisible = 0;
			defaultConfigurationName = Release;
		};
/* End XCConfigurationList section */
	};
	rootObject = 1678941721F4BF7D002703FD /* Project object */;
}
