// !$*UTF8*$!
{
	archiveVersion = 1;
	classes = {
	};
	objectVersion = 50;
	objects = {

/* Begin PBXBuildFile section */
		164962D121F4C4990063C543 /* MainViewController.swift in Sources */ = {isa = PBXBuildFile; fileRef = 164962D021F4C4990063C543 /* MainViewController.swift */; };
		164962D721F4C5D00063C543 /* AppState.swift in Sources */ = {isa = PBXBuildFile; fileRef = 164962D621F4C5D00063C543 /* AppState.swift */; };
		164962D921F4C5F20063C543 /* AppReducer.swift in Sources */ = {isa = PBXBuildFile; fileRef = 164962D821F4C5F20063C543 /* AppReducer.swift */; };
		1678942321F4BF7D002703FD /* AppDelegate.swift in Sources */ = {isa = PBXBuildFile; fileRef = 1678942221F4BF7D002703FD /* AppDelegate.swift */; };
		1678942521F4BF7D002703FD /* LoginViewController.swift in Sources */ = {isa = PBXBuildFile; fileRef = 1678942421F4BF7D002703FD /* LoginViewController.swift */; };
		1678942821F4BF7D002703FD /* Main.storyboard in Resources */ = {isa = PBXBuildFile; fileRef = 1678942621F4BF7D002703FD /* Main.storyboard */; };
		1678942A21F4BF7F002703FD /* Assets.xcassets in Resources */ = {isa = PBXBuildFile; fileRef = 1678942921F4BF7F002703FD /* Assets.xcassets */; };
		1678942D21F4BF7F002703FD /* LaunchScreen.storyboard in Resources */ = {isa = PBXBuildFile; fileRef = 1678942B21F4BF7F002703FD /* LaunchScreen.storyboard */; };
		1678943821F4BF7F002703FD /* ReSwiftDemoTests.swift in Sources */ = {isa = PBXBuildFile; fileRef = 1678943721F4BF7F002703FD /* ReSwiftDemoTests.swift */; };
		2314A931BEE8A2FAD387670C /* Pods_ReSwiftDemo.framework in Frameworks */ = {isa = PBXBuildFile; fileRef = 73871C5F75EC87BA949A7D49 /* Pods_ReSwiftDemo.framework */; };
		2A0AC10A60D38A7A341AF334 /* Pods_ReSwiftDemoTests.framework in Frameworks */ = {isa = PBXBuildFile; fileRef = 12C32A579C6069C14710D618 /* Pods_ReSwiftDemoTests.framework */; };
/* End PBXBuildFile section */

/* Begin PBXContainerItemProxy section */
		1678943421F4BF7F002703FD /* PBXContainerItemProxy */ = {
			isa = PBXContainerItemProxy;
			containerPortal = 1678941721F4BF7D002703FD /* Project object */;
			proxyType = 1;
			remoteGlobalIDString = 1678941E21F4BF7D002703FD;
			remoteInfo = ReSwiftDemo;
		};
/* End PBXContainerItemProxy section */

/* Begin PBXFileReference section */
		12C32A579C6069C14710D618 /* Pods_ReSwiftDemoTests.framework */ = {isa = PBXFileReference; explicitFileType = wrapper.framework; includeInIndex = 0; path = Pods_ReSwiftDemoTests.framework; sourceTree = BUILT_PRODUCTS_DIR; };
		164962D021F4C4990063C543 /* MainViewController.swift */ = {isa = PBXFileReference; lastKnownFileType = sourcecode.swift; path = MainViewController.swift; sourceTree = "<group>"; };
		164962D621F4C5D00063C543 /* AppState.swift */ = {isa = PBXFileReference; lastKnownFileType = sourcecode.swift; path = AppState.swift; sourceTree = "<group>"; };
		164962D821F4C5F20063C543 /* AppReducer.swift */ = {isa = PBXFileReference; lastKnownFileType = sourcecode.swift; path = AppReducer.swift; sourceTree = "<group>"; };
		1678941F21F4BF7D002703FD /* ReSwiftDemo.app */ = {isa = PBXFileReference; explicitFileType = wrapper.application; includeInIndex = 0; path = ReSwiftDemo.app; sourceTree = BUILT_PRODUCTS_DIR; };
		1678942221F4BF7D002703FD /* AppDelegate.swift */ = {isa = PBXFileReference; lastKnownFileType = sourcecode.swift; path = AppDelegate.swift; sourceTree = "<group>"; };
		1678942421F4BF7D002703FD /* LoginViewController.swift */ = {isa = PBXFileReference; lastKnownFileType = sourcecode.swift; path = LoginViewController.swift; sourceTree = "<group>"; };
		1678942721F4BF7D002703FD /* Base */ = {isa = PBXFileReference; lastKnownFileType = file.storyboard; name = Base; path = Base.lproj/Main.storyboard; sourceTree = "<group>"; };
		1678942921F4BF7F002703FD /* Assets.xcassets */ = {isa = PBXFileReference; lastKnownFileType = folder.assetcatalog; path = Assets.xcassets; sourceTree = "<group>"; };
		1678942C21F4BF7F002703FD /* Base */ = {isa = PBXFileReference; lastKnownFileType = file.storyboard; name = Base; path = Base.lproj/LaunchScreen.storyboard; sourceTree = "<group>"; };
		1678942E21F4BF7F002703FD /* Info.plist */ = {isa = PBXFileReference; lastKnownFileType = text.plist.xml; path = Info.plist; sourceTree = "<group>"; };
		1678943321F4BF7F002703FD /* ReSwiftDemoTests.xctest */ = {isa = PBXFileReference; explicitFileType = wrapper.cfbundle; includeInIndex = 0; path = ReSwiftDemoTests.xctest; sourceTree = BUILT_PRODUCTS_DIR; };
		1678943721F4BF7F002703FD /* ReSwiftDemoTests.swift */ = {isa = PBXFileReference; lastKnownFileType = sourcecode.swift; path = ReSwiftDemoTests.swift; sourceTree = "<group>"; };
		1678943921F4BF7F002703FD /* Info.plist */ = {isa = PBXFileReference; lastKnownFileType = text.plist.xml; path = Info.plist; sourceTree = "<group>"; };
		1AE4D9A53EDD0539AEF54DC2 /* Pods-ReSwiftDemo.debug.xcconfig */ = {isa = PBXFileReference; includeInIndex = 1; lastKnownFileType = text.xcconfig; name = "Pods-ReSwiftDemo.debug.xcconfig"; path = "Pods/Target Support Files/Pods-ReSwiftDemo/Pods-ReSwiftDemo.debug.xcconfig"; sourceTree = "<group>"; };
		361AEF46220AE965F5F4098F /* Pods-ReSwiftDemo.release.xcconfig */ = {isa = PBXFileReference; includeInIndex = 1; lastKnownFileType = text.xcconfig; name = "Pods-ReSwiftDemo.release.xcconfig"; path = "Pods/Target Support Files/Pods-ReSwiftDemo/Pods-ReSwiftDemo.release.xcconfig"; sourceTree = "<group>"; };
		6952431441FE19F05A690314 /* Pods-ReSwiftDemoTests.release.xcconfig */ = {isa = PBXFileReference; includeInIndex = 1; lastKnownFileType = text.xcconfig; name = "Pods-ReSwiftDemoTests.release.xcconfig"; path = "Pods/Target Support Files/Pods-ReSwiftDemoTests/Pods-ReSwiftDemoTests.release.xcconfig"; sourceTree = "<group>"; };
		7190D372A2EE768C699DD834 /* Pods-ReSwiftDemoTests.debug.xcconfig */ = {isa = PBXFileReference; includeInIndex = 1; lastKnownFileType = text.xcconfig; name = "Pods-ReSwiftDemoTests.debug.xcconfig"; path = "Pods/Target Support Files/Pods-ReSwiftDemoTests/Pods-ReSwiftDemoTests.debug.xcconfig"; sourceTree = "<group>"; };
		73871C5F75EC87BA949A7D49 /* Pods_ReSwiftDemo.framework */ = {isa = PBXFileReference; explicitFileType = wrapper.framework; includeInIndex = 0; path = Pods_ReSwiftDemo.framework; sourceTree = BUILT_PRODUCTS_DIR; };
/* End PBXFileReference section */

/* Begin PBXFrameworksBuildPhase section */
		1678941C21F4BF7D002703FD /* Frameworks */ = {
			isa = PBXFrameworksBuildPhase;
			buildActionMask = 2147483647;
			files = (
				2314A931BEE8A2FAD387670C /* Pods_ReSwiftDemo.framework in Frameworks */,
			);
			runOnlyForDeploymentPostprocessing = 0;
		};
		1678943021F4BF7F002703FD /* Frameworks */ = {
			isa = PBXFrameworksBuildPhase;
			buildActionMask = 2147483647;
			files = (
				2A0AC10A60D38A7A341AF334 /* Pods_ReSwiftDemoTests.framework in Frameworks */,
			);
			runOnlyForDeploymentPostprocessing = 0;
		};
/* End PBXFrameworksBuildPhase section */

/* Begin PBXGroup section */
		08F076B659529A11E98991CC /* Frameworks */ = {
			isa = PBXGroup;
			children = (
				73871C5F75EC87BA949A7D49 /* Pods_ReSwiftDemo.framework */,
				12C32A579C6069C14710D618 /* Pods_ReSwiftDemoTests.framework */,
			);
			name = Frameworks;
			sourceTree = "<group>";
		};
		164962D221F4C5A40063C543 /* Redux */ = {
			isa = PBXGroup;
			children = (
				164962D521F4C5C40063C543 /* Actions */,
				164962D421F4C5B80063C543 /* State */,
				164962D321F4C5B00063C543 /* Reducers */,
			);
			path = Redux;
			sourceTree = "<group>";
		};
		164962D321F4C5B00063C543 /* Reducers */ = {
			isa = PBXGroup;
			children = (
				164962D821F4C5F20063C543 /* AppReducer.swift */,
			);
			path = Reducers;
			sourceTree = "<group>";
		};
		164962D421F4C5B80063C543 /* State */ = {
			isa = PBXGroup;
			children = (
				164962D621F4C5D00063C543 /* AppState.swift */,
			);
			path = State;
			sourceTree = "<group>";
		};
		164962D521F4C5C40063C543 /* Actions */ = {
			isa = PBXGroup;
			children = (
			);
			path = Actions;
			sourceTree = "<group>";
		};
		1678941621F4BF7D002703FD = {
			isa = PBXGroup;
			children = (
				1678942121F4BF7D002703FD /* ReSwiftDemo */,
				1678943621F4BF7F002703FD /* ReSwiftDemoTests */,
				1678942021F4BF7D002703FD /* Products */,
				40F9418066F77F68B01492F3 /* Pods */,
				08F076B659529A11E98991CC /* Frameworks */,
			);
			sourceTree = "<group>";
		};
		1678942021F4BF7D002703FD /* Products */ = {
			isa = PBXGroup;
			children = (
				1678941F21F4BF7D002703FD /* ReSwiftDemo.app */,
				1678943321F4BF7F002703FD /* ReSwiftDemoTests.xctest */,
			);
			name = Products;
			sourceTree = "<group>";
		};
		1678942121F4BF7D002703FD /* ReSwiftDemo */ = {
			isa = PBXGroup;
			children = (
				164962D221F4C5A40063C543 /* Redux */,
				1678942221F4BF7D002703FD /* AppDelegate.swift */,
				1678942421F4BF7D002703FD /* LoginViewController.swift */,
				164962D021F4C4990063C543 /* MainViewController.swift */,
				1678942621F4BF7D002703FD /* Main.storyboard */,
				1678942921F4BF7F002703FD /* Assets.xcassets */,
				1678942B21F4BF7F002703FD /* LaunchScreen.storyboard */,
				1678942E21F4BF7F002703FD /* Info.plist */,
			);
			path = ReSwiftDemo;
			sourceTree = "<group>";
		};
		1678943621F4BF7F002703FD /* ReSwiftDemoTests */ = {
			isa = PBXGroup;
			children = (
				1678943721F4BF7F002703FD /* ReSwiftDemoTests.swift */,
				1678943921F4BF7F002703FD /* Info.plist */,
			);
			path = ReSwiftDemoTests;
			sourceTree = "<group>";
		};
		40F9418066F77F68B01492F3 /* Pods */ = {
			isa = PBXGroup;
			children = (
				1AE4D9A53EDD0539AEF54DC2 /* Pods-ReSwiftDemo.debug.xcconfig */,
				361AEF46220AE965F5F4098F /* Pods-ReSwiftDemo.release.xcconfig */,
				7190D372A2EE768C699DD834 /* Pods-ReSwiftDemoTests.debug.xcconfig */,
				6952431441FE19F05A690314 /* Pods-ReSwiftDemoTests.release.xcconfig */,
			);
			name = Pods;
			sourceTree = "<group>";
		};
/* End PBXGroup section */

/* Begin PBXNativeTarget section */
		1678941E21F4BF7D002703FD /* ReSwiftDemo */ = {
			isa = PBXNativeTarget;
			buildConfigurationList = 1678943C21F4BF7F002703FD /* Build configuration list for PBXNativeTarget "ReSwiftDemo" */;
			buildPhases = (
				DABC2232B8E587EB78C17B28 /* [CP] Check Pods Manifest.lock */,
				1678941B21F4BF7D002703FD /* Sources */,
				1678941C21F4BF7D002703FD /* Frameworks */,
				1678941D21F4BF7D002703FD /* Resources */,
				601025FCF3DF037AF6BE366F /* [CP] Embed Pods Frameworks */,
				A4FBFAEBD31F8E388ED0E92A /* [CP] Copy Pods Resources */,
			);
			buildRules = (
			);
			dependencies = (
			);
			name = ReSwiftDemo;
			productName = ReSwiftDemo;
			productReference = 1678941F21F4BF7D002703FD /* ReSwiftDemo.app */;
			productType = "com.apple.product-type.application";
		};
		1678943221F4BF7F002703FD /* ReSwiftDemoTests */ = {
			isa = PBXNativeTarget;
			buildConfigurationList = 1678943F21F4BF7F002703FD /* Build configuration list for PBXNativeTarget "ReSwiftDemoTests" */;
			buildPhases = (
				8009FBA7158AD166BA095018 /* [CP] Check Pods Manifest.lock */,
				1678942F21F4BF7F002703FD /* Sources */,
				1678943021F4BF7F002703FD /* Frameworks */,
				1678943121F4BF7F002703FD /* Resources */,
				B9A51681C72CBEE84D2C7D38 /* [CP] Embed Pods Frameworks */,
				E5CC9BB720E24C91D84BC9D2 /* [CP] Copy Pods Resources */,
			);
			buildRules = (
			);
			dependencies = (
				1678943521F4BF7F002703FD /* PBXTargetDependency */,
			);
			name = ReSwiftDemoTests;
			productName = ReSwiftDemoTests;
			productReference = 1678943321F4BF7F002703FD /* ReSwiftDemoTests.xctest */;
			productType = "com.apple.product-type.bundle.unit-test";
		};
/* End PBXNativeTarget section */

/* Begin PBXProject section */
		1678941721F4BF7D002703FD /* Project object */ = {
			isa = PBXProject;
			attributes = {
				LastSwiftUpdateCheck = 1010;
				LastUpgradeCheck = 1010;
				ORGANIZATIONNAME = "Wojciech Kulik";
				TargetAttributes = {
					1678941E21F4BF7D002703FD = {
						CreatedOnToolsVersion = 10.1;
					};
					1678943221F4BF7F002703FD = {
						CreatedOnToolsVersion = 10.1;
						TestTargetID = 1678941E21F4BF7D002703FD;
					};
				};
			};
			buildConfigurationList = 1678941A21F4BF7D002703FD /* Build configuration list for PBXProject "ReSwiftDemo" */;
			compatibilityVersion = "Xcode 9.3";
			developmentRegion = en;
			hasScannedForEncodings = 0;
			knownRegions = (
				en,
				Base,
			);
			mainGroup = 1678941621F4BF7D002703FD;
			productRefGroup = 1678942021F4BF7D002703FD /* Products */;
			projectDirPath = "";
			projectRoot = "";
			targets = (
				1678941E21F4BF7D002703FD /* ReSwiftDemo */,
				1678943221F4BF7F002703FD /* ReSwiftDemoTests */,
			);
		};
/* End PBXProject section */

/* Begin PBXResourcesBuildPhase section */
		1678941D21F4BF7D002703FD /* Resources */ = {
			isa = PBXResourcesBuildPhase;
			buildActionMask = 2147483647;
			files = (
				1678942D21F4BF7F002703FD /* LaunchScreen.storyboard in Resources */,
				1678942A21F4BF7F002703FD /* Assets.xcassets in Resources */,
				1678942821F4BF7D002703FD /* Main.storyboard in Resources */,
			);
			runOnlyForDeploymentPostprocessing = 0;
		};
		1678943121F4BF7F002703FD /* Resources */ = {
			isa = PBXResourcesBuildPhase;
			buildActionMask = 2147483647;
			files = (
			);
			runOnlyForDeploymentPostprocessing = 0;
		};
/* End PBXResourcesBuildPhase section */

/* Begin PBXShellScriptBuildPhase section */
		601025FCF3DF037AF6BE366F /* [CP] Embed Pods Frameworks */ = {
			isa = PBXShellScriptBuildPhase;
			buildActionMask = 2147483647;
			files = (
			);
			inputPaths = (
				"${SRCROOT}/Pods/Target Support Files/Pods-ReSwiftDemo/Pods-ReSwiftDemo-frameworks.sh",
				"${BUILT_PRODUCTS_DIR}/ReSwift/ReSwift.framework",
				"${BUILT_PRODUCTS_DIR}/Swinject/Swinject.framework",
				"${BUILT_PRODUCTS_DIR}/SwinjectAutoregistration/SwinjectAutoregistration.framework",
			);
			name = "[CP] Embed Pods Frameworks";
			outputPaths = (
				"${TARGET_BUILD_DIR}/${FRAMEWORKS_FOLDER_PATH}/ReSwift.framework",
				"${TARGET_BUILD_DIR}/${FRAMEWORKS_FOLDER_PATH}/Swinject.framework",
				"${TARGET_BUILD_DIR}/${FRAMEWORKS_FOLDER_PATH}/SwinjectAutoregistration.framework",
			);
			runOnlyForDeploymentPostprocessing = 0;
			shellPath = /bin/sh;
			shellScript = "\"${SRCROOT}/Pods/Target Support Files/Pods-ReSwiftDemo/Pods-ReSwiftDemo-frameworks.sh\"\n";
			showEnvVarsInLog = 0;
		};
		8009FBA7158AD166BA095018 /* [CP] Check Pods Manifest.lock */ = {
			isa = PBXShellScriptBuildPhase;
			buildActionMask = 2147483647;
			files = (
			);
			inputPaths = (
				"${PODS_PODFILE_DIR_PATH}/Podfile.lock",
				"${PODS_ROOT}/Manifest.lock",
			);
			name = "[CP] Check Pods Manifest.lock";
			outputPaths = (
				"$(DERIVED_FILE_DIR)/Pods-ReSwiftDemoTests-checkManifestLockResult.txt",
			);
			runOnlyForDeploymentPostprocessing = 0;
			shellPath = /bin/sh;
			shellScript = "diff \"${PODS_PODFILE_DIR_PATH}/Podfile.lock\" \"${PODS_ROOT}/Manifest.lock\" > /dev/null\nif [ $? != 0 ] ; then\n    # print error to STDERR\n    echo \"error: The sandbox is not in sync with the Podfile.lock. Run 'pod install' or update your CocoaPods installation.\" >&2\n    exit 1\nfi\n# This output is used by Xcode 'outputs' to avoid re-running this script phase.\necho \"SUCCESS\" > \"${SCRIPT_OUTPUT_FILE_0}\"\n";
			showEnvVarsInLog = 0;
		};
		A4FBFAEBD31F8E388ED0E92A /* [CP] Copy Pods Resources */ = {
			isa = PBXShellScriptBuildPhase;
			buildActionMask = 2147483647;
			files = (
			);
			inputPaths = (
			);
			name = "[CP] Copy Pods Resources";
			outputPaths = (
			);
			runOnlyForDeploymentPostprocessing = 0;
			shellPath = /bin/sh;
			shellScript = "\"${SRCROOT}/Pods/Target Support Files/Pods-ReSwiftDemo/Pods-ReSwiftDemo-resources.sh\"\n";
			showEnvVarsInLog = 0;
		};
		B9A51681C72CBEE84D2C7D38 /* [CP] Embed Pods Frameworks */ = {
			isa = PBXShellScriptBuildPhase;
			buildActionMask = 2147483647;
			files = (
			);
			inputPaths = (
			);
			name = "[CP] Embed Pods Frameworks";
			outputPaths = (
			);
			runOnlyForDeploymentPostprocessing = 0;
			shellPath = /bin/sh;
			shellScript = "\"${SRCROOT}/Pods/Target Support Files/Pods-ReSwiftDemoTests/Pods-ReSwiftDemoTests-frameworks.sh\"\n";
			showEnvVarsInLog = 0;
		};
		DABC2232B8E587EB78C17B28 /* [CP] Check Pods Manifest.lock */ = {
			isa = PBXShellScriptBuildPhase;
			buildActionMask = 2147483647;
			files = (
			);
			inputPaths = (
				"${PODS_PODFILE_DIR_PATH}/Podfile.lock",
				"${PODS_ROOT}/Manifest.lock",
			);
			name = "[CP] Check Pods Manifest.lock";
			outputPaths = (
				"$(DERIVED_FILE_DIR)/Pods-ReSwiftDemo-checkManifestLockResult.txt",
			);
			runOnlyForDeploymentPostprocessing = 0;
			shellPath = /bin/sh;
			shellScript = "diff \"${PODS_PODFILE_DIR_PATH}/Podfile.lock\" \"${PODS_ROOT}/Manifest.lock\" > /dev/null\nif [ $? != 0 ] ; then\n    # print error to STDERR\n    echo \"error: The sandbox is not in sync with the Podfile.lock. Run 'pod install' or update your CocoaPods installation.\" >&2\n    exit 1\nfi\n# This output is used by Xcode 'outputs' to avoid re-running this script phase.\necho \"SUCCESS\" > \"${SCRIPT_OUTPUT_FILE_0}\"\n";
			showEnvVarsInLog = 0;
		};
		E5CC9BB720E24C91D84BC9D2 /* [CP] Copy Pods Resources */ = {
			isa = PBXShellScriptBuildPhase;
			buildActionMask = 2147483647;
			files = (
			);
			inputPaths = (
			);
			name = "[CP] Copy Pods Resources";
			outputPaths = (
			);
			runOnlyForDeploymentPostprocessing = 0;
			shellPath = /bin/sh;
			shellScript = "\"${SRCROOT}/Pods/Target Support Files/Pods-ReSwiftDemoTests/Pods-ReSwiftDemoTests-resources.sh\"\n";
			showEnvVarsInLog = 0;
		};
/* End PBXShellScriptBuildPhase section */

/* Begin PBXSourcesBuildPhase section */
		1678941B21F4BF7D002703FD /* Sources */ = {
			isa = PBXSourcesBuildPhase;
			buildActionMask = 2147483647;
			files = (
				164962D121F4C4990063C543 /* MainViewController.swift in Sources */,
				1678942521F4BF7D002703FD /* LoginViewController.swift in Sources */,
				1678942321F4BF7D002703FD /* AppDelegate.swift in Sources */,
				164962D721F4C5D00063C543 /* AppState.swift in Sources */,
				164962D921F4C5F20063C543 /* AppReducer.swift in Sources */,
			);
			runOnlyForDeploymentPostprocessing = 0;
		};
		1678942F21F4BF7F002703FD /* Sources */ = {
			isa = PBXSourcesBuildPhase;
			buildActionMask = 2147483647;
			files = (
				1678943821F4BF7F002703FD /* ReSwiftDemoTests.swift in Sources */,
			);
			runOnlyForDeploymentPostprocessing = 0;
		};
/* End PBXSourcesBuildPhase section */

/* Begin PBXTargetDependency section */
		1678943521F4BF7F002703FD /* PBXTargetDependency */ = {
			isa = PBXTargetDependency;
			target = 1678941E21F4BF7D002703FD /* ReSwiftDemo */;
			targetProxy = 1678943421F4BF7F002703FD /* PBXContainerItemProxy */;
		};
/* End PBXTargetDependency section */

/* Begin PBXVariantGroup section */
		1678942621F4BF7D002703FD /* Main.storyboard */ = {
			isa = PBXVariantGroup;
			children = (
				1678942721F4BF7D002703FD /* Base */,
			);
			name = Main.storyboard;
			sourceTree = "<group>";
		};
		1678942B21F4BF7F002703FD /* LaunchScreen.storyboard */ = {
			isa = PBXVariantGroup;
			children = (
				1678942C21F4BF7F002703FD /* Base */,
			);
			name = LaunchScreen.storyboard;
			sourceTree = "<group>";
		};
/* End PBXVariantGroup section */

/* Begin XCBuildConfiguration section */
		1678943A21F4BF7F002703FD /* Debug */ = {
			isa = XCBuildConfiguration;
			buildSettings = {
				ALWAYS_SEARCH_USER_PATHS = NO;
				CLANG_ANALYZER_NONNULL = YES;
				CLANG_ANALYZER_NUMBER_OBJECT_CONVERSION = YES_AGGRESSIVE;
				CLANG_CXX_LANGUAGE_STANDARD = "gnu++14";
				CLANG_CXX_LIBRARY = "libc++";
				CLANG_ENABLE_MODULES = YES;
				CLANG_ENABLE_OBJC_ARC = YES;
				CLANG_ENABLE_OBJC_WEAK = YES;
				CLANG_WARN_BLOCK_CAPTURE_AUTORELEASING = YES;
				CLANG_WARN_BOOL_CONVERSION = YES;
				CLANG_WARN_COMMA = YES;
				CLANG_WARN_CONSTANT_CONVERSION = YES;
				CLANG_WARN_DEPRECATED_OBJC_IMPLEMENTATIONS = YES;
				CLANG_WARN_DIRECT_OBJC_ISA_USAGE = YES_ERROR;
				CLANG_WARN_DOCUMENTATION_COMMENTS = YES;
				CLANG_WARN_EMPTY_BODY = YES;
				CLANG_WARN_ENUM_CONVERSION = YES;
				CLANG_WARN_INFINITE_RECURSION = YES;
				CLANG_WARN_INT_CONVERSION = YES;
				CLANG_WARN_NON_LITERAL_NULL_CONVERSION = YES;
				CLANG_WARN_OBJC_IMPLICIT_RETAIN_SELF = YES;
				CLANG_WARN_OBJC_LITERAL_CONVERSION = YES;
				CLANG_WARN_OBJC_ROOT_CLASS = YES_ERROR;
				CLANG_WARN_RANGE_LOOP_ANALYSIS = YES;
				CLANG_WARN_STRICT_PROTOTYPES = YES;
				CLANG_WARN_SUSPICIOUS_MOVE = YES;
				CLANG_WARN_UNGUARDED_AVAILABILITY = YES_AGGRESSIVE;
				CLANG_WARN_UNREACHABLE_CODE = YES;
				CLANG_WARN__DUPLICATE_METHOD_MATCH = YES;
				CODE_SIGN_IDENTITY = "iPhone Developer";
				COPY_PHASE_STRIP = NO;
				DEBUG_INFORMATION_FORMAT = dwarf;
				ENABLE_STRICT_OBJC_MSGSEND = YES;
				ENABLE_TESTABILITY = YES;
				GCC_C_LANGUAGE_STANDARD = gnu11;
				GCC_DYNAMIC_NO_PIC = NO;
				GCC_NO_COMMON_BLOCKS = YES;
				GCC_OPTIMIZATION_LEVEL = 0;
				GCC_PREPROCESSOR_DEFINITIONS = (
					"DEBUG=1",
					"$(inherited)",
				);
				GCC_WARN_64_TO_32_BIT_CONVERSION = YES;
				GCC_WARN_ABOUT_RETURN_TYPE = YES_ERROR;
				GCC_WARN_UNDECLARED_SELECTOR = YES;
				GCC_WARN_UNINITIALIZED_AUTOS = YES_AGGRESSIVE;
				GCC_WARN_UNUSED_FUNCTION = YES;
				GCC_WARN_UNUSED_VARIABLE = YES;
				IPHONEOS_DEPLOYMENT_TARGET = 12.1;
				MTL_ENABLE_DEBUG_INFO = INCLUDE_SOURCE;
				MTL_FAST_MATH = YES;
				ONLY_ACTIVE_ARCH = YES;
				SDKROOT = iphoneos;
				SWIFT_ACTIVE_COMPILATION_CONDITIONS = DEBUG;
				SWIFT_OPTIMIZATION_LEVEL = "-Onone";
			};
			name = Debug;
		};
		1678943B21F4BF7F002703FD /* Release */ = {
			isa = XCBuildConfiguration;
			buildSettings = {
				ALWAYS_SEARCH_USER_PATHS = NO;
				CLANG_ANALYZER_NONNULL = YES;
				CLANG_ANALYZER_NUMBER_OBJECT_CONVERSION = YES_AGGRESSIVE;
				CLANG_CXX_LANGUAGE_STANDARD = "gnu++14";
				CLANG_CXX_LIBRARY = "libc++";
				CLANG_ENABLE_MODULES = YES;
				CLANG_ENABLE_OBJC_ARC = YES;
				CLANG_ENABLE_OBJC_WEAK = YES;
				CLANG_WARN_BLOCK_CAPTURE_AUTORELEASING = YES;
				CLANG_WARN_BOOL_CONVERSION = YES;
				CLANG_WARN_COMMA = YES;
				CLANG_WARN_CONSTANT_CONVERSION = YES;
				CLANG_WARN_DEPRECATED_OBJC_IMPLEMENTATIONS = YES;
				CLANG_WARN_DIRECT_OBJC_ISA_USAGE = YES_ERROR;
				CLANG_WARN_DOCUMENTATION_COMMENTS = YES;
				CLANG_WARN_EMPTY_BODY = YES;
				CLANG_WARN_ENUM_CONVERSION = YES;
				CLANG_WARN_INFINITE_RECURSION = YES;
				CLANG_WARN_INT_CONVERSION = YES;
				CLANG_WARN_NON_LITERAL_NULL_CONVERSION = YES;
				CLANG_WARN_OBJC_IMPLICIT_RETAIN_SELF = YES;
				CLANG_WARN_OBJC_LITERAL_CONVERSION = YES;
				CLANG_WARN_OBJC_ROOT_CLASS = YES_ERROR;
				CLANG_WARN_RANGE_LOOP_ANALYSIS = YES;
				CLANG_WARN_STRICT_PROTOTYPES = YES;
				CLANG_WARN_SUSPICIOUS_MOVE = YES;
				CLANG_WARN_UNGUARDED_AVAILABILITY = YES_AGGRESSIVE;
				CLANG_WARN_UNREACHABLE_CODE = YES;
				CLANG_WARN__DUPLICATE_METHOD_MATCH = YES;
				CODE_SIGN_IDENTITY = "iPhone Developer";
				COPY_PHASE_STRIP = NO;
				DEBUG_INFORMATION_FORMAT = "dwarf-with-dsym";
				ENABLE_NS_ASSERTIONS = NO;
				ENABLE_STRICT_OBJC_MSGSEND = YES;
				GCC_C_LANGUAGE_STANDARD = gnu11;
				GCC_NO_COMMON_BLOCKS = YES;
				GCC_WARN_64_TO_32_BIT_CONVERSION = YES;
				GCC_WARN_ABOUT_RETURN_TYPE = YES_ERROR;
				GCC_WARN_UNDECLARED_SELECTOR = YES;
				GCC_WARN_UNINITIALIZED_AUTOS = YES_AGGRESSIVE;
				GCC_WARN_UNUSED_FUNCTION = YES;
				GCC_WARN_UNUSED_VARIABLE = YES;
				IPHONEOS_DEPLOYMENT_TARGET = 12.1;
				MTL_ENABLE_DEBUG_INFO = NO;
				MTL_FAST_MATH = YES;
				SDKROOT = iphoneos;
				SWIFT_COMPILATION_MODE = wholemodule;
				SWIFT_OPTIMIZATION_LEVEL = "-O";
				VALIDATE_PRODUCT = YES;
			};
			name = Release;
		};
		1678943D21F4BF7F002703FD /* Debug */ = {
			isa = XCBuildConfiguration;
			baseConfigurationReference = 1AE4D9A53EDD0539AEF54DC2 /* Pods-ReSwiftDemo.debug.xcconfig */;
			buildSettings = {
				ASSETCATALOG_COMPILER_APPICON_NAME = AppIcon;
				CODE_SIGN_STYLE = Automatic;
				DEVELOPMENT_TEAM = JT56B63DU5;
				INFOPLIST_FILE = ReSwiftDemo/Info.plist;
				LD_RUNPATH_SEARCH_PATHS = (
					"$(inherited)",
					"@executable_path/Frameworks",
				);
				PRODUCT_BUNDLE_IDENTIFIER = pl.wojciechkulik.ReSwiftDemo;
				PRODUCT_NAME = "$(TARGET_NAME)";
				SWIFT_VERSION = 4.2;
				TARGETED_DEVICE_FAMILY = "1,2";
			};
			name = Debug;
		};
		1678943E21F4BF7F002703FD /* Release */ = {
			isa = XCBuildConfiguration;
			baseConfigurationReference = 361AEF46220AE965F5F4098F /* Pods-ReSwiftDemo.release.xcconfig */;
			buildSettings = {
				ASSETCATALOG_COMPILER_APPICON_NAME = AppIcon;
				CODE_SIGN_STYLE = Automatic;
				DEVELOPMENT_TEAM = JT56B63DU5;
				INFOPLIST_FILE = ReSwiftDemo/Info.plist;
				LD_RUNPATH_SEARCH_PATHS = (
					"$(inherited)",
					"@executable_path/Frameworks",
				);
				PRODUCT_BUNDLE_IDENTIFIER = pl.wojciechkulik.ReSwiftDemo;
				PRODUCT_NAME = "$(TARGET_NAME)";
				SWIFT_VERSION = 4.2;
				TARGETED_DEVICE_FAMILY = "1,2";
			};
			name = Release;
		};
		1678944021F4BF7F002703FD /* Debug */ = {
			isa = XCBuildConfiguration;
			baseConfigurationReference = 7190D372A2EE768C699DD834 /* Pods-ReSwiftDemoTests.debug.xcconfig */;
			buildSettings = {
				ALWAYS_EMBED_SWIFT_STANDARD_LIBRARIES = YES;
				BUNDLE_LOADER = "$(TEST_HOST)";
				CODE_SIGN_STYLE = Automatic;
				DEVELOPMENT_TEAM = JT56B63DU5;
				INFOPLIST_FILE = ReSwiftDemoTests/Info.plist;
				LD_RUNPATH_SEARCH_PATHS = (
					"$(inherited)",
					"@executable_path/Frameworks",
					"@loader_path/Frameworks",
				);
				PRODUCT_BUNDLE_IDENTIFIER = pl.wojciechkulik.ReSwiftDemoTests;
				PRODUCT_NAME = "$(TARGET_NAME)";
				SWIFT_VERSION = 4.2;
				TARGETED_DEVICE_FAMILY = "1,2";
				TEST_HOST = "$(BUILT_PRODUCTS_DIR)/ReSwiftDemo.app/ReSwiftDemo";
			};
			name = Debug;
		};
		1678944121F4BF7F002703FD /* Release */ = {
			isa = XCBuildConfiguration;
			baseConfigurationReference = 6952431441FE19F05A690314 /* Pods-ReSwiftDemoTests.release.xcconfig */;
			buildSettings = {
				ALWAYS_EMBED_SWIFT_STANDARD_LIBRARIES = YES;
				BUNDLE_LOADER = "$(TEST_HOST)";
				CODE_SIGN_STYLE = Automatic;
				DEVELOPMENT_TEAM = JT56B63DU5;
				INFOPLIST_FILE = ReSwiftDemoTests/Info.plist;
				LD_RUNPATH_SEARCH_PATHS = (
					"$(inherited)",
					"@executable_path/Frameworks",
					"@loader_path/Frameworks",
				);
				PRODUCT_BUNDLE_IDENTIFIER = pl.wojciechkulik.ReSwiftDemoTests;
				PRODUCT_NAME = "$(TARGET_NAME)";
				SWIFT_VERSION = 4.2;
				TARGETED_DEVICE_FAMILY = "1,2";
				TEST_HOST = "$(BUILT_PRODUCTS_DIR)/ReSwiftDemo.app/ReSwiftDemo";
			};
			name = Release;
		};
/* End XCBuildConfiguration section */

/* Begin XCConfigurationList section */
		1678941A21F4BF7D002703FD /* Build configuration list for PBXProject "ReSwiftDemo" */ = {
			isa = XCConfigurationList;
			buildConfigurations = (
				1678943A21F4BF7F002703FD /* Debug */,
				1678943B21F4BF7F002703FD /* Release */,
			);
			defaultConfigurationIsVisible = 0;
			defaultConfigurationName = Release;
		};
		1678943C21F4BF7F002703FD /* Build configuration list for PBXNativeTarget "ReSwiftDemo" */ = {
			isa = XCConfigurationList;
			buildConfigurations = (
				1678943D21F4BF7F002703FD /* Debug */,
				1678943E21F4BF7F002703FD /* Release */,
			);
			defaultConfigurationIsVisible = 0;
			defaultConfigurationName = Release;
		};
		1678943F21F4BF7F002703FD /* Build configuration list for PBXNativeTarget "ReSwiftDemoTests" */ = {
			isa = XCConfigurationList;
			buildConfigurations = (
				1678944021F4BF7F002703FD /* Debug */,
				1678944121F4BF7F002703FD /* Release */,
			);
			defaultConfigurationIsVisible = 0;
			defaultConfigurationName = Release;
		};
/* End XCConfigurationList section */
	};
	rootObject = 1678941721F4BF7D002703FD /* Project object */;
}
